
Microsoft Visual Studio Solution File, Format Version 12.00
# Visual Studio 15
Project("{FAE04EC0-301F-11D3-BF4B-00C04F79EFBC}") = "Assembly-CSharp", "Assembly-CSharp.csproj", "{17C9BBB6-DFD1-497B-5741-BA51A909EF0F}"
EndProject
Global
	GlobalSection(SolutionConfigurationPlatforms) = preSolution
		Debug|Any CPU = Debug|Any CPU
		Release|Any CPU = Release|Any CPU
	EndGlobalSection
	GlobalSection(ProjectConfigurationPlatforms) = postSolution
		{17C9BBB6-DFD1-497B-5741-BA51A909EF0F}.Debug|Any CPU.ActiveCfg = Debug|Any CPU
		{17C9BBB6-DFD1-497B-5741-BA51A909EF0F}.Debug|Any CPU.Build.0 = Debug|Any CPU
		{17C9BBB6-DFD1-497B-5741-BA51A909EF0F}.Release|Any CPU.ActiveCfg = Release|Any CPU
		{17C9BBB6-DFD1-497B-5741-BA51A909EF0F}.Release|Any CPU.Build.0 = Release|Any CPU
	EndGlobalSection
	GlobalSection(SolutionProperties) = preSolution
		HideSolutionNode = FALSE
	EndGlobalSection
EndGlobal
